
Microsoft Visual Studio Solution File, Format Version 12.00
# Visual Studio Version 17
VisualStudioVersion = 17.9.34902.65
MinimumVisualStudioVersion = 10.0.40219.1
Project("{FAE04EC0-301F-11D3-BF4B-00C04F79EFBC}") = "ProductManagementSys", "ProductManagementSys.csproj", "{D574A942-0328-49BD-BDDA-235A138B5A60}"
EndProject
Global
	GlobalSection(SolutionConfigurationPlatforms) = preSolution
		Debug|Any CPU = Debug|Any CPU
		Release|Any CPU = Release|Any CPU
	EndGlobalSection
	GlobalSection(ProjectConfigurationPlatforms) = postSolution
		{D574A942-0328-49BD-BDDA-235A138B5A60}.Debug|Any CPU.ActiveCfg = Debug|Any CPU
		{D574A942-0328-49BD-BDDA-235A138B5A60}.Debug|Any CPU.Build.0 = Debug|Any CPU
		{D574A942-0328-49BD-BDDA-235A138B5A60}.Release|Any CPU.ActiveCfg = Release|Any CPU
		{D574A942-0328-49BD-BDDA-235A138B5A60}.Release|Any CPU.Build.0 = Release|Any CPU
	EndGlobalSection
	GlobalSection(SolutionProperties) = preSolution
		HideSolutionNode = FALSE
	EndGlobalSection
	GlobalSection(ExtensibilityGlobals) = postSolution
		SolutionGuid = {950C4260-6A06-4E4D-ABD2-7827351996DC}
	EndGlobalSection
EndGlobal
